
Microsoft Visual Studio Solution File, Format Version 12.00
# Visual Studio Version 17
Project("{8BC9CEB8-8B4A-11D0-8D11-00A0C91BC942}") = "ALL_BUILD", "ALL_BUILD.vcxproj", "{8CF436EF-DC05-345C-9D3C-91E914D75549}"
	ProjectSection(ProjectDependencies) = postProject
		{D4DE48DB-F201-3C40-972F-22F0E66C18FB} = {D4DE48DB-F201-3C40-972F-22F0E66C18FB}
		{E4811558-916E-306B-8B2A-8582297BAB21} = {E4811558-916E-306B-8B2A-8582297BAB21}
		{9FE56F86-CB2F-37CC-82CC-DD1BC05C4A27} = {9FE56F86-CB2F-37CC-82CC-DD1BC05C4A27}
		{44F74C2D-05C3-3EEA-8C73-9E9BD27A89C5} = {44F74C2D-05C3-3EEA-8C73-9E9BD27A89C5}
	EndProjectSection
EndProject
Project("{8BC9CEB8-8B4A-11D0-8D11-00A0C91BC942}") = "HttpServerApp", "http_server\HttpServerApp.vcxproj", "{D4DE48DB-F201-3C40-972F-22F0E66C18FB}"
	ProjectSection(ProjectDependencies) = postProject
		{E4811558-916E-306B-8B2A-8582297BAB21} = {E4811558-916E-306B-8B2A-8582297BAB21}
		{9FE56F86-CB2F-37CC-82CC-DD1BC05C4A27} = {9FE56F86-CB2F-37CC-82CC-DD1BC05C4A27}
	EndProjectSection
EndProject
Project("{8BC9CEB8-8B4A-11D0-8D11-00A0C91BC942}") = "ZERO_CHECK", "ZERO_CHECK.vcxproj", "{E4811558-916E-306B-8B2A-8582297BAB21}"
	ProjectSection(ProjectDependencies) = postProject
	EndProjectSection
EndProject
Project("{8BC9CEB8-8B4A-11D0-8D11-00A0C91BC942}") = "common_components", "common\common_components.vcxproj", "{9FE56F86-CB2F-37CC-82CC-DD1BC05C4A27}"
	ProjectSection(ProjectDependencies) = postProject
		{E4811558-916E-306B-8B2A-8582297BAB21} = {E4811558-916E-306B-8B2A-8582297BAB21}
	EndProjectSection
EndProject
Project("{8BC9CEB8-8B4A-11D0-8D11-00A0C91BC942}") = "spider", "spider\spider.vcxproj", "{44F74C2D-05C3-3EEA-8C73-9E9BD27A89C5}"
	ProjectSection(ProjectDependencies) = postProject
		{E4811558-916E-306B-8B2A-8582297BAB21} = {E4811558-916E-306B-8B2A-8582297BAB21}
		{9FE56F86-CB2F-37CC-82CC-DD1BC05C4A27} = {9FE56F86-CB2F-37CC-82CC-DD1BC05C4A27}
	EndProjectSection
EndProject
Global
	GlobalSection(SolutionConfigurationPlatforms) = preSolution
		Debug|x64 = Debug|x64
		Release|x64 = Release|x64
		MinSizeRel|x64 = MinSizeRel|x64
		RelWithDebInfo|x64 = RelWithDebInfo|x64
	EndGlobalSection
	GlobalSection(ProjectConfigurationPlatforms) = postSolution
		{8CF436EF-DC05-345C-9D3C-91E914D75549}.Debug|x64.ActiveCfg = Debug|x64
		{8CF436EF-DC05-345C-9D3C-91E914D75549}.Release|x64.ActiveCfg = Release|x64
		{8CF436EF-DC05-345C-9D3C-91E914D75549}.MinSizeRel|x64.ActiveCfg = MinSizeRel|x64
		{8CF436EF-DC05-345C-9D3C-91E914D75549}.RelWithDebInfo|x64.ActiveCfg = RelWithDebInfo|x64
		{D4DE48DB-F201-3C40-972F-22F0E66C18FB}.Debug|x64.ActiveCfg = Debug|x64
		{D4DE48DB-F201-3C40-972F-22F0E66C18FB}.Debug|x64.Build.0 = Debug|x64
		{D4DE48DB-F201-3C40-972F-22F0E66C18FB}.Release|x64.ActiveCfg = Release|x64
		{D4DE48DB-F201-3C40-972F-22F0E66C18FB}.Release|x64.Build.0 = Release|x64
		{D4DE48DB-F201-3C40-972F-22F0E66C18FB}.MinSizeRel|x64.ActiveCfg = MinSizeRel|x64
		{D4DE48DB-F201-3C40-972F-22F0E66C18FB}.MinSizeRel|x64.Build.0 = MinSizeRel|x64
		{D4DE48DB-F201-3C40-972F-22F0E66C18FB}.RelWithDebInfo|x64.ActiveCfg = RelWithDebInfo|x64
		{D4DE48DB-F201-3C40-972F-22F0E66C18FB}.RelWithDebInfo|x64.Build.0 = RelWithDebInfo|x64
		{E4811558-916E-306B-8B2A-8582297BAB21}.Debug|x64.ActiveCfg = Debug|x64
		{E4811558-916E-306B-8B2A-8582297BAB21}.Debug|x64.Build.0 = Debug|x64
		{E4811558-916E-306B-8B2A-8582297BAB21}.Release|x64.ActiveCfg = Release|x64
		{E4811558-916E-306B-8B2A-8582297BAB21}.Release|x64.Build.0 = Release|x64
		{E4811558-916E-306B-8B2A-8582297BAB21}.MinSizeRel|x64.ActiveCfg = MinSizeRel|x64
		{E4811558-916E-306B-8B2A-8582297BAB21}.MinSizeRel|x64.Build.0 = MinSizeRel|x64
		{E4811558-916E-306B-8B2A-8582297BAB21}.RelWithDebInfo|x64.ActiveCfg = RelWithDebInfo|x64
		{E4811558-916E-306B-8B2A-8582297BAB21}.RelWithDebInfo|x64.Build.0 = RelWithDebInfo|x64
		{9FE56F86-CB2F-37CC-82CC-DD1BC05C4A27}.Debug|x64.ActiveCfg = Debug|x64
		{9FE56F86-CB2F-37CC-82CC-DD1BC05C4A27}.Debug|x64.Build.0 = Debug|x64
		{9FE56F86-CB2F-37CC-82CC-DD1BC05C4A27}.Release|x64.ActiveCfg = Release|x64
		{9FE56F86-CB2F-37CC-82CC-DD1BC05C4A27}.Release|x64.Build.0 = Release|x64
		{9FE56F86-CB2F-37CC-82CC-DD1BC05C4A27}.MinSizeRel|x64.ActiveCfg = MinSizeRel|x64
		{9FE56F86-CB2F-37CC-82CC-DD1BC05C4A27}.MinSizeRel|x64.Build.0 = MinSizeRel|x64
		{9FE56F86-CB2F-37CC-82CC-DD1BC05C4A27}.RelWithDebInfo|x64.ActiveCfg = RelWithDebInfo|x64
		{9FE56F86-CB2F-37CC-82CC-DD1BC05C4A27}.RelWithDebInfo|x64.Build.0 = RelWithDebInfo|x64
		{44F74C2D-05C3-3EEA-8C73-9E9BD27A89C5}.Debug|x64.ActiveCfg = Debug|x64
		{44F74C2D-05C3-3EEA-8C73-9E9BD27A89C5}.Debug|x64.Build.0 = Debug|x64
		{44F74C2D-05C3-3EEA-8C73-9E9BD27A89C5}.Release|x64.ActiveCfg = Release|x64
		{44F74C2D-05C3-3EEA-8C73-9E9BD27A89C5}.Release|x64.Build.0 = Release|x64
		{44F74C2D-05C3-3EEA-8C73-9E9BD27A89C5}.MinSizeRel|x64.ActiveCfg = MinSizeRel|x64
		{44F74C2D-05C3-3EEA-8C73-9E9BD27A89C5}.MinSizeRel|x64.Build.0 = MinSizeRel|x64
		{44F74C2D-05C3-3EEA-8C73-9E9BD27A89C5}.RelWithDebInfo|x64.ActiveCfg = RelWithDebInfo|x64
		{44F74C2D-05C3-3EEA-8C73-9E9BD27A89C5}.RelWithDebInfo|x64.Build.0 = RelWithDebInfo|x64
	EndGlobalSection
	GlobalSection(ExtensibilityGlobals) = postSolution
		SolutionGuid = {51136AB1-D759-3ADC-A542-034AE0394F71}
	EndGlobalSection
	GlobalSection(ExtensibilityAddIns) = postSolution
	EndGlobalSection
EndGlobal
